// !$*UTF8*$!
{
	archiveVersion = 1;
	classes = {
	};
	objectVersion = 46;
	objects = {

/* Begin PBXBuildFile section */
		CAE72A091BDB2F97003F6E6F /* AppDelegate.swift in Sources */ = {isa = PBXBuildFile; fileRef = CAE72A081BDB2F97003F6E6F /* AppDelegate.swift */; };
		CAE72A0B1BDB2F97003F6E6F /* ViewController.swift in Sources */ = {isa = PBXBuildFile; fileRef = CAE72A0A1BDB2F97003F6E6F /* ViewController.swift */; };
		CAE72A0E1BDB2F97003F6E6F /* Main.storyboard in Resources */ = {isa = PBXBuildFile; fileRef = CAE72A0C1BDB2F97003F6E6F /* Main.storyboard */; };
		CAE72A101BDB2F97003F6E6F /* Assets.xcassets in Resources */ = {isa = PBXBuildFile; fileRef = CAE72A0F1BDB2F97003F6E6F /* Assets.xcassets */; };
		CAE72A131BDB2F97003F6E6F /* LaunchScreen.storyboard in Resources */ = {isa = PBXBuildFile; fileRef = CAE72A111BDB2F97003F6E6F /* LaunchScreen.storyboard */; };
		CAE72A1E1BDB2F97003F6E6F /* TemperatureCalculatorTests.swift in Sources */ = {isa = PBXBuildFile; fileRef = CAE72A1D1BDB2F97003F6E6F /* TemperatureCalculatorTests.swift */; };
		CAE72A291BDB2F97003F6E6F /* TemperatureCalculatorUITests.swift in Sources */ = {isa = PBXBuildFile; fileRef = CAE72A281BDB2F97003F6E6F /* TemperatureCalculatorUITests.swift */; };
/* End PBXBuildFile section */

/* Begin PBXContainerItemProxy section */
		CAE72A1A1BDB2F97003F6E6F /* PBXContainerItemProxy */ = {
			isa = PBXContainerItemProxy;
			containerPortal = CAE729FD1BDB2F97003F6E6F /* Project object */;
			proxyType = 1;
			remoteGlobalIDString = CAE72A041BDB2F97003F6E6F;
			remoteInfo = TemperatureCalculator;
		};
		CAE72A251BDB2F97003F6E6F /* PBXContainerItemProxy */ = {
			isa = PBXContainerItemProxy;
			containerPortal = CAE729FD1BDB2F97003F6E6F /* Project object */;
			proxyType = 1;
			remoteGlobalIDString = CAE72A041BDB2F97003F6E6F;
			remoteInfo = TemperatureCalculator;
		};
/* End PBXContainerItemProxy section */

/* Begin PBXFileReference section */
		CAE72A051BDB2F97003F6E6F /* TemperatureCalculator.app */ = {isa = PBXFileReference; explicitFileType = wrapper.application; includeInIndex = 0; path = TemperatureCalculator.app; sourceTree = BUILT_PRODUCTS_DIR; };
		CAE72A081BDB2F97003F6E6F /* AppDelegate.swift */ = {isa = PBXFileReference; lastKnownFileType = sourcecode.swift; path = AppDelegate.swift; sourceTree = "<group>"; };
		CAE72A0A1BDB2F97003F6E6F /* ViewController.swift */ = {isa = PBXFileReference; lastKnownFileType = sourcecode.swift; path = ViewController.swift; sourceTree = "<group>"; };
		CAE72A0D1BDB2F97003F6E6F /* Base */ = {isa = PBXFileReference; lastKnownFileType = file.storyboard; name = Base; path = Base.lproj/Main.storyboard; sourceTree = "<group>"; };
		CAE72A0F1BDB2F97003F6E6F /* Assets.xcassets */ = {isa = PBXFileReference; lastKnownFileType = folder.assetcatalog; path = Assets.xcassets; sourceTree = "<group>"; };
		CAE72A121BDB2F97003F6E6F /* Base */ = {isa = PBXFileReference; lastKnownFileType = file.storyboard; name = Base; path = Base.lproj/LaunchScreen.storyboard; sourceTree = "<group>"; };
		CAE72A141BDB2F97003F6E6F /* Info.plist */ = {isa = PBXFileReference; lastKnownFileType = text.plist.xml; path = Info.plist; sourceTree = "<group>"; };
		CAE72A191BDB2F97003F6E6F /* TemperatureCalculatorTests.xctest */ = {isa = PBXFileReference; explicitFileType = wrapper.cfbundle; includeInIndex = 0; path = TemperatureCalculatorTests.xctest; sourceTree = BUILT_PRODUCTS_DIR; };
		CAE72A1D1BDB2F97003F6E6F /* TemperatureCalculatorTests.swift */ = {isa = PBXFileReference; lastKnownFileType = sourcecode.swift; path = TemperatureCalculatorTests.swift; sourceTree = "<group>"; };
		CAE72A1F1BDB2F97003F6E6F /* Info.plist */ = {isa = PBXFileReference; lastKnownFileType = text.plist.xml; path = Info.plist; sourceTree = "<group>"; };
		CAE72A241BDB2F97003F6E6F /* TemperatureCalculatorUITests.xctest */ = {isa = PBXFileReference; explicitFileType = wrapper.cfbundle; includeInIndex = 0; path = TemperatureCalculatorUITests.xctest; sourceTree = BUILT_PRODUCTS_DIR; };
		CAE72A281BDB2F97003F6E6F /* TemperatureCalculatorUITests.swift */ = {isa = PBXFileReference; lastKnownFileType = sourcecode.swift; path = TemperatureCalculatorUITests.swift; sourceTree = "<group>"; };
		CAE72A2A1BDB2F97003F6E6F /* Info.plist */ = {isa = PBXFileReference; lastKnownFileType = text.plist.xml; path = Info.plist; sourceTree = "<group>"; };
/* End PBXFileReference section */

/* Begin PBXFrameworksBuildPhase section */
		CAE72A021BDB2F97003F6E6F /* Frameworks */ = {
			isa = PBXFrameworksBuildPhase;
			buildActionMask = 2147483647;
			files = (
			);
			runOnlyForDeploymentPostprocessing = 0;
		};
		CAE72A161BDB2F97003F6E6F /* Frameworks */ = {
			isa = PBXFrameworksBuildPhase;
			buildActionMask = 2147483647;
			files = (
			);
			runOnlyForDeploymentPostprocessing = 0;
		};
		CAE72A211BDB2F97003F6E6F /* Frameworks */ = {
			isa = PBXFrameworksBuildPhase;
			buildActionMask = 2147483647;
			files = (
			);
			runOnlyForDeploymentPostprocessing = 0;
		};
/* End PBXFrameworksBuildPhase section */

/* Begin PBXGroup section */
		CAE729FC1BDB2F97003F6E6F = {
			isa = PBXGroup;
			children = (
				CAE72A071BDB2F97003F6E6F /* TemperatureCalculator */,
				CAE72A1C1BDB2F97003F6E6F /* TemperatureCalculatorTests */,
				CAE72A271BDB2F97003F6E6F /* TemperatureCalculatorUITests */,
				CAE72A061BDB2F97003F6E6F /* Products */,
			);
			sourceTree = "<group>";
		};
		CAE72A061BDB2F97003F6E6F /* Products */ = {
			isa = PBXGroup;
			children = (
				CAE72A051BDB2F97003F6E6F /* TemperatureCalculator.app */,
				CAE72A191BDB2F97003F6E6F /* TemperatureCalculatorTests.xctest */,
				CAE72A241BDB2F97003F6E6F /* TemperatureCalculatorUITests.xctest */,
			);
			name = Products;
			sourceTree = "<group>";
		};
		CAE72A071BDB2F97003F6E6F /* TemperatureCalculator */ = {
			isa = PBXGroup;
			children = (
				CAE72A081BDB2F97003F6E6F /* AppDelegate.swift */,
				CAE72A0A1BDB2F97003F6E6F /* ViewController.swift */,
				CAE72A0C1BDB2F97003F6E6F /* Main.storyboard */,
				CAE72A0F1BDB2F97003F6E6F /* Assets.xcassets */,
				CAE72A111BDB2F97003F6E6F /* LaunchScreen.storyboard */,
				CAE72A141BDB2F97003F6E6F /* Info.plist */,
			);
			path = TemperatureCalculator;
			sourceTree = "<group>";
		};
		CAE72A1C1BDB2F97003F6E6F /* TemperatureCalculatorTests */ = {
			isa = PBXGroup;
			children = (
				CAE72A1D1BDB2F97003F6E6F /* TemperatureCalculatorTests.swift */,
				CAE72A1F1BDB2F97003F6E6F /* Info.plist */,
			);
			path = TemperatureCalculatorTests;
			sourceTree = "<group>";
		};
		CAE72A271BDB2F97003F6E6F /* TemperatureCalculatorUITests */ = {
			isa = PBXGroup;
			children = (
				CAE72A281BDB2F97003F6E6F /* TemperatureCalculatorUITests.swift */,
				CAE72A2A1BDB2F97003F6E6F /* Info.plist */,
			);
			path = TemperatureCalculatorUITests;
			sourceTree = "<group>";
		};
/* End PBXGroup section */

/* Begin PBXNativeTarget section */
		CAE72A041BDB2F97003F6E6F /* TemperatureCalculator */ = {
			isa = PBXNativeTarget;
			buildConfigurationList = CAE72A2D1BDB2F97003F6E6F /* Build configuration list for PBXNativeTarget "TemperatureCalculator" */;
			buildPhases = (
				CAE72A011BDB2F97003F6E6F /* Sources */,
				CAE72A021BDB2F97003F6E6F /* Frameworks */,
				CAE72A031BDB2F97003F6E6F /* Resources */,
			);
			buildRules = (
			);
			dependencies = (
			);
			name = TemperatureCalculator;
			productName = TemperatureCalculator;
			productReference = CAE72A051BDB2F97003F6E6F /* TemperatureCalculator.app */;
			productType = "com.apple.product-type.application";
		};
		CAE72A181BDB2F97003F6E6F /* TemperatureCalculatorTests */ = {
			isa = PBXNativeTarget;
			buildConfigurationList = CAE72A301BDB2F97003F6E6F /* Build configuration list for PBXNativeTarget "TemperatureCalculatorTests" */;
			buildPhases = (
				CAE72A151BDB2F97003F6E6F /* Sources */,
				CAE72A161BDB2F97003F6E6F /* Frameworks */,
				CAE72A171BDB2F97003F6E6F /* Resources */,
			);
			buildRules = (
			);
			dependencies = (
				CAE72A1B1BDB2F97003F6E6F /* PBXTargetDependency */,
			);
			name = TemperatureCalculatorTests;
			productName = TemperatureCalculatorTests;
			productReference = CAE72A191BDB2F97003F6E6F /* TemperatureCalculatorTests.xctest */;
			productType = "com.apple.product-type.bundle.unit-test";
		};
		CAE72A231BDB2F97003F6E6F /* TemperatureCalculatorUITests */ = {
			isa = PBXNativeTarget;
			buildConfigurationList = CAE72A331BDB2F97003F6E6F /* Build configuration list for PBXNativeTarget "TemperatureCalculatorUITests" */;
			buildPhases = (
				CAE72A201BDB2F97003F6E6F /* Sources */,
				CAE72A211BDB2F97003F6E6F /* Frameworks */,
				CAE72A221BDB2F97003F6E6F /* Resources */,
			);
			buildRules = (
			);
			dependencies = (
				CAE72A261BDB2F97003F6E6F /* PBXTargetDependency */,
			);
			name = TemperatureCalculatorUITests;
			productName = TemperatureCalculatorUITests;
			productReference = CAE72A241BDB2F97003F6E6F /* TemperatureCalculatorUITests.xctest */;
			productType = "com.apple.product-type.bundle.ui-testing";
		};
/* End PBXNativeTarget section */

/* Begin PBXProject section */
		CAE729FD1BDB2F97003F6E6F /* Project object */ = {
			isa = PBXProject;
			attributes = {
				LastSwiftUpdateCheck = 0710;
				LastUpgradeCheck = 0710;
				ORGANIZATIONNAME = Teradek;
				TargetAttributes = {
					CAE72A041BDB2F97003F6E6F = {
						CreatedOnToolsVersion = 7.1;
					};
					CAE72A181BDB2F97003F6E6F = {
						CreatedOnToolsVersion = 7.1;
						TestTargetID = CAE72A041BDB2F97003F6E6F;
					};
					CAE72A231BDB2F97003F6E6F = {
						CreatedOnToolsVersion = 7.1;
						TestTargetID = CAE72A041BDB2F97003F6E6F;
					};
				};
			};
			buildConfigurationList = CAE72A001BDB2F97003F6E6F /* Build configuration list for PBXProject "TemperatureCalculator" */;
			compatibilityVersion = "Xcode 3.2";
			developmentRegion = English;
			hasScannedForEncodings = 0;
			knownRegions = (
				en,
				Base,
			);
			mainGroup = CAE729FC1BDB2F97003F6E6F;
			productRefGroup = CAE72A061BDB2F97003F6E6F /* Products */;
			projectDirPath = "";
			projectRoot = "";
			targets = (
				CAE72A041BDB2F97003F6E6F /* TemperatureCalculator */,
				CAE72A181BDB2F97003F6E6F /* TemperatureCalculatorTests */,
				CAE72A231BDB2F97003F6E6F /* TemperatureCalculatorUITests */,
			);
		};
/* End PBXProject section */

/* Begin PBXResourcesBuildPhase section */
		CAE72A031BDB2F97003F6E6F /* Resources */ = {
			isa = PBXResourcesBuildPhase;
			buildActionMask = 2147483647;
			files = (
				CAE72A131BDB2F97003F6E6F /* LaunchScreen.storyboard in Resources */,
				CAE72A101BDB2F97003F6E6F /* Assets.xcassets in Resources */,
				CAE72A0E1BDB2F97003F6E6F /* Main.storyboard in Resources */,
			);
			runOnlyForDeploymentPostprocessing = 0;
		};
		CAE72A171BDB2F97003F6E6F /* Resources */ = {
			isa = PBXResourcesBuildPhase;
			buildActionMask = 2147483647;
			files = (
			);
			runOnlyForDeploymentPostprocessing = 0;
		};
		CAE72A221BDB2F97003F6E6F /* Resources */ = {
			isa = PBXResourcesBuildPhase;
			buildActionMask = 2147483647;
			files = (
			);
			runOnlyForDeploymentPostprocessing = 0;
		};
/* End PBXResourcesBuildPhase section */

/* Begin PBXSourcesBuildPhase section */
		CAE72A011BDB2F97003F6E6F /* Sources */ = {
			isa = PBXSourcesBuildPhase;
			buildActionMask = 2147483647;
			files = (
				CAE72A0B1BDB2F97003F6E6F /* ViewController.swift in Sources */,
				CAE72A091BDB2F97003F6E6F /* AppDelegate.swift in Sources */,
			);
			runOnlyForDeploymentPostprocessing = 0;
		};
		CAE72A151BDB2F97003F6E6F /* Sources */ = {
			isa = PBXSourcesBuildPhase;
			buildActionMask = 2147483647;
			files = (
				CAE72A1E1BDB2F97003F6E6F /* TemperatureCalculatorTests.swift in Sources */,
			);
			runOnlyForDeploymentPostprocessing = 0;
		};
		CAE72A201BDB2F97003F6E6F /* Sources */ = {
			isa = PBXSourcesBuildPhase;
			buildActionMask = 2147483647;
			files = (
				CAE72A291BDB2F97003F6E6F /* TemperatureCalculatorUITests.swift in Sources */,
			);
			runOnlyForDeploymentPostprocessing = 0;
		};
/* End PBXSourcesBuildPhase section */

/* Begin PBXTargetDependency section */
		CAE72A1B1BDB2F97003F6E6F /* PBXTargetDependency */ = {
			isa = PBXTargetDependency;
			target = CAE72A041BDB2F97003F6E6F /* TemperatureCalculator */;
			targetProxy = CAE72A1A1BDB2F97003F6E6F /* PBXContainerItemProxy */;
		};
		CAE72A261BDB2F97003F6E6F /* PBXTargetDependency */ = {
			isa = PBXTargetDependency;
			target = CAE72A041BDB2F97003F6E6F /* TemperatureCalculator */;
			targetProxy = CAE72A251BDB2F97003F6E6F /* PBXContainerItemProxy */;
		};
/* End PBXTargetDependency section */

/* Begin PBXVariantGroup section */
		CAE72A0C1BDB2F97003F6E6F /* Main.storyboard */ = {
			isa = PBXVariantGroup;
			children = (
				CAE72A0D1BDB2F97003F6E6F /* Base */,
			);
			name = Main.storyboard;
			sourceTree = "<group>";
		};
		CAE72A111BDB2F97003F6E6F /* LaunchScreen.storyboard */ = {
			isa = PBXVariantGroup;
			children = (
				CAE72A121BDB2F97003F6E6F /* Base */,
			);
			name = LaunchScreen.storyboard;
			sourceTree = "<group>";
		};
/* End PBXVariantGroup section */

/* Begin XCBuildConfiguration section */
		CAE72A2B1BDB2F97003F6E6F /* Debug */ = {
			isa = XCBuildConfiguration;
			buildSettings = {
				ALWAYS_SEARCH_USER_PATHS = NO;
				CLANG_CXX_LANGUAGE_STANDARD = "gnu++0x";
				CLANG_CXX_LIBRARY = "libc++";
				CLANG_ENABLE_MODULES = YES;
				CLANG_ENABLE_OBJC_ARC = YES;
				CLANG_WARN_BOOL_CONVERSION = YES;
				CLANG_WARN_CONSTANT_CONVERSION = YES;
				CLANG_WARN_DIRECT_OBJC_ISA_USAGE = YES_ERROR;
				CLANG_WARN_EMPTY_BODY = YES;
				CLANG_WARN_ENUM_CONVERSION = YES;
				CLANG_WARN_INT_CONVERSION = YES;
				CLANG_WARN_OBJC_ROOT_CLASS = YES_ERROR;
				CLANG_WARN_UNREACHABLE_CODE = YES;
				CLANG_WARN__DUPLICATE_METHOD_MATCH = YES;
				"CODE_SIGN_IDENTITY[sdk=iphoneos*]" = "iPhone Developer";
				COPY_PHASE_STRIP = NO;
				DEBUG_INFORMATION_FORMAT = dwarf;
				ENABLE_STRICT_OBJC_MSGSEND = YES;
				ENABLE_TESTABILITY = YES;
				GCC_C_LANGUAGE_STANDARD = gnu99;
				GCC_DYNAMIC_NO_PIC = NO;
				GCC_NO_COMMON_BLOCKS = YES;
				GCC_OPTIMIZATION_LEVEL = 0;
				GCC_PREPROCESSOR_DEFINITIONS = (
					"DEBUG=1",
					"$(inherited)",
				);
				GCC_WARN_64_TO_32_BIT_CONVERSION = YES;
				GCC_WARN_ABOUT_RETURN_TYPE = YES_ERROR;
				GCC_WARN_UNDECLARED_SELECTOR = YES;
				GCC_WARN_UNINITIALIZED_AUTOS = YES_AGGRESSIVE;
				GCC_WARN_UNUSED_FUNCTION = YES;
				GCC_WARN_UNUSED_VARIABLE = YES;
				IPHONEOS_DEPLOYMENT_TARGET = 9.1;
				MTL_ENABLE_DEBUG_INFO = YES;
				ONLY_ACTIVE_ARCH = YES;
				SDKROOT = iphoneos;
				SWIFT_OPTIMIZATION_LEVEL = "-Onone";
			};
			name = Debug;
		};
		CAE72A2C1BDB2F97003F6E6F /* Release */ = {
			isa = XCBuildConfiguration;
			buildSettings = {
				ALWAYS_SEARCH_USER_PATHS = NO;
				CLANG_CXX_LANGUAGE_STANDARD = "gnu++0x";
				CLANG_CXX_LIBRARY = "libc++";
				CLANG_ENABLE_MODULES = YES;
				CLANG_ENABLE_OBJC_ARC = YES;
				CLANG_WARN_BOOL_CONVERSION = YES;
				CLANG_WARN_CONSTANT_CONVERSION = YES;
				CLANG_WARN_DIRECT_OBJC_ISA_USAGE = YES_ERROR;
				CLANG_WARN_EMPTY_BODY = YES;
				CLANG_WARN_ENUM_CONVERSION = YES;
				CLANG_WARN_INT_CONVERSION = YES;
				CLANG_WARN_OBJC_ROOT_CLASS = YES_ERROR;
				CLANG_WARN_UNREACHABLE_CODE = YES;
				CLANG_WARN__DUPLICATE_METHOD_MATCH = YES;
				"CODE_SIGN_IDENTITY[sdk=iphoneos*]" = "iPhone Developer";
				COPY_PHASE_STRIP = NO;
				DEBUG_INFORMATION_FORMAT = "dwarf-with-dsym";
				ENABLE_NS_ASSERTIONS = NO;
				ENABLE_STRICT_OBJC_MSGSEND = YES;
				GCC_C_LANGUAGE_STANDARD = gnu99;
				GCC_NO_COMMON_BLOCKS = YES;
				GCC_WARN_64_TO_32_BIT_CONVERSION = YES;
				GCC_WARN_ABOUT_RETURN_TYPE = YES_ERROR;
				GCC_WARN_UNDECLARED_SELECTOR = YES;
				GCC_WARN_UNINITIALIZED_AUTOS = YES_AGGRESSIVE;
				GCC_WARN_UNUSED_FUNCTION = YES;
				GCC_WARN_UNUSED_VARIABLE = YES;
				IPHONEOS_DEPLOYMENT_TARGET = 9.1;
				MTL_ENABLE_DEBUG_INFO = NO;
				SDKROOT = iphoneos;
				VALIDATE_PRODUCT = YES;
			};
			name = Release;
		};
		CAE72A2E1BDB2F97003F6E6F /* Debug */ = {
			isa = XCBuildConfiguration;
			buildSettings = {
				ASSETCATALOG_COMPILER_APPICON_NAME = AppIcon;
				INFOPLIST_FILE = TemperatureCalculator/Info.plist;
				LD_RUNPATH_SEARCH_PATHS = "$(inherited) @executable_path/Frameworks";
				PRODUCT_BUNDLE_IDENTIFIER = com.Teradek.TemperatureCalculator;
				PRODUCT_NAME = "$(TARGET_NAME)";
			};
			name = Debug;
		};
		CAE72A2F1BDB2F97003F6E6F /* Release */ = {
			isa = XCBuildConfiguration;
			buildSettings = {
				ASSETCATALOG_COMPILER_APPICON_NAME = AppIcon;
				INFOPLIST_FILE = TemperatureCalculator/Info.plist;
				LD_RUNPATH_SEARCH_PATHS = "$(inherited) @executable_path/Frameworks";
				PRODUCT_BUNDLE_IDENTIFIER = com.Teradek.TemperatureCalculator;
				PRODUCT_NAME = "$(TARGET_NAME)";
			};
			name = Release;
		};
		CAE72A311BDB2F97003F6E6F /* Debug */ = {
			isa = XCBuildConfiguration;
			buildSettings = {
				BUNDLE_LOADER = "$(TEST_HOST)";
				INFOPLIST_FILE = TemperatureCalculatorTests/Info.plist;
				LD_RUNPATH_SEARCH_PATHS = "$(inherited) @executable_path/Frameworks @loader_path/Frameworks";
				PRODUCT_BUNDLE_IDENTIFIER = com.Teradek.TemperatureCalculatorTests;
				PRODUCT_NAME = "$(TARGET_NAME)";
				TEST_HOST = "$(BUILT_PRODUCTS_DIR)/TemperatureCalculator.app/TemperatureCalculator";
			};
			name = Debug;
		};
		CAE72A321BDB2F97003F6E6F /* Release */ = {
			isa = XCBuildConfiguration;
			buildSettings = {
				BUNDLE_LOADER = "$(TEST_HOST)";
				INFOPLIST_FILE = TemperatureCalculatorTests/Info.plist;
				LD_RUNPATH_SEARCH_PATHS = "$(inherited) @executable_path/Frameworks @loader_path/Frameworks";
				PRODUCT_BUNDLE_IDENTIFIER = com.Teradek.TemperatureCalculatorTests;
				PRODUCT_NAME = "$(TARGET_NAME)";
				TEST_HOST = "$(BUILT_PRODUCTS_DIR)/TemperatureCalculator.app/TemperatureCalculator";
			};
			name = Release;
		};
		CAE72A341BDB2F97003F6E6F /* Debug */ = {
			isa = XCBuildConfiguration;
			buildSettings = {
				INFOPLIST_FILE = TemperatureCalculatorUITests/Info.plist;
				LD_RUNPATH_SEARCH_PATHS = "$(inherited) @executable_path/Frameworks @loader_path/Frameworks";
				PRODUCT_BUNDLE_IDENTIFIER = com.Teradek.TemperatureCalculatorUITests;
				PRODUCT_NAME = "$(TARGET_NAME)";
				TEST_TARGET_NAME = TemperatureCalculator;
				USES_XCTRUNNER = YES;
			};
			name = Debug;
		};
		CAE72A351BDB2F97003F6E6F /* Release */ = {
			isa = XCBuildConfiguration;
			buildSettings = {
				INFOPLIST_FILE = TemperatureCalculatorUITests/Info.plist;
				LD_RUNPATH_SEARCH_PATHS = "$(inherited) @executable_path/Frameworks @loader_path/Frameworks";
				PRODUCT_BUNDLE_IDENTIFIER = com.Teradek.TemperatureCalculatorUITests;
				PRODUCT_NAME = "$(TARGET_NAME)";
				TEST_TARGET_NAME = TemperatureCalculator;
				USES_XCTRUNNER = YES;
			};
			name = Release;
		};
/* End XCBuildConfiguration section */

/* Begin XCConfigurationList section */
		CAE72A001BDB2F97003F6E6F /* Build configuration list for PBXProject "TemperatureCalculator" */ = {
			isa = XCConfigurationList;
			buildConfigurations = (
				CAE72A2B1BDB2F97003F6E6F /* Debug */,
				CAE72A2C1BDB2F97003F6E6F /* Release */,
			);
			defaultConfigurationIsVisible = 0;
			defaultConfigurationName = Release;
		};
		CAE72A2D1BDB2F97003F6E6F /* Build configuration list for PBXNativeTarget "TemperatureCalculator" */ = {
			isa = XCConfigurationList;
			buildConfigurations = (
				CAE72A2E1BDB2F97003F6E6F /* Debug */,
				CAE72A2F1BDB2F97003F6E6F /* Release */,
			);
			defaultConfigurationIsVisible = 0;
		};
		CAE72A301BDB2F97003F6E6F /* Build configuration list for PBXNativeTarget "TemperatureCalculatorTests" */ = {
			isa = XCConfigurationList;
			buildConfigurations = (
				CAE72A311BDB2F97003F6E6F /* Debug */,
				CAE72A321BDB2F97003F6E6F /* Release */,
			);
			defaultConfigurationIsVisible = 0;
		};
		CAE72A331BDB2F97003F6E6F /* Build configuration list for PBXNativeTarget "TemperatureCalculatorUITests" */ = {
			isa = XCConfigurationList;
			buildConfigurations = (
				CAE72A341BDB2F97003F6E6F /* Debug */,
				CAE72A351BDB2F97003F6E6F /* Release */,
			);
			defaultConfigurationIsVisible = 0;
		};
/* End XCConfigurationList section */
	};
	rootObject = CAE729FD1BDB2F97003F6E6F /* Project object */;
}
