// !$*UTF8*$!
{
	archiveVersion = 1;
	classes = {
	};
	objectVersion = 46;
	objects = {

/* Begin PBXBuildFile section */
		CA2C719C1C4FA7B9007158ED /* AppDelegate.swift in Sources */ = {isa = PBXBuildFile; fileRef = CA2C719B1C4FA7B9007158ED /* AppDelegate.swift */; };
		CA2C719E1C4FA7B9007158ED /* ViewController.swift in Sources */ = {isa = PBXBuildFile; fileRef = CA2C719D1C4FA7B9007158ED /* ViewController.swift */; };
		CA2C71A11C4FA7B9007158ED /* Main.storyboard in Resources */ = {isa = PBXBuildFile; fileRef = CA2C719F1C4FA7B9007158ED /* Main.storyboard */; };
		CA2C71A41C4FA7B9007158ED /* Recipez.xcdatamodeld in Sources */ = {isa = PBXBuildFile; fileRef = CA2C71A21C4FA7B9007158ED /* Recipez.xcdatamodeld */; };
		CA2C71A61C4FA7B9007158ED /* Assets.xcassets in Resources */ = {isa = PBXBuildFile; fileRef = CA2C71A51C4FA7B9007158ED /* Assets.xcassets */; };
		CA2C71A91C4FA7B9007158ED /* LaunchScreen.storyboard in Resources */ = {isa = PBXBuildFile; fileRef = CA2C71A71C4FA7B9007158ED /* LaunchScreen.storyboard */; };
		CA2C71B51C4FF15C007158ED /* Recipe+CoreDataProperties.swift in Sources */ = {isa = PBXBuildFile; fileRef = CA2C71B31C4FF15C007158ED /* Recipe+CoreDataProperties.swift */; };
		CA2C71B61C4FF15C007158ED /* Recipe.swift in Sources */ = {isa = PBXBuildFile; fileRef = CA2C71B41C4FF15C007158ED /* Recipe.swift */; };
		CA2C71B81C4FF324007158ED /* RecipeCell.swift in Sources */ = {isa = PBXBuildFile; fileRef = CA2C71B71C4FF324007158ED /* RecipeCell.swift */; };
		CA2C71BA1C4FFF45007158ED /* CreateRecipeVC.swift in Sources */ = {isa = PBXBuildFile; fileRef = CA2C71B91C4FFF45007158ED /* CreateRecipeVC.swift */; };
/* End PBXBuildFile section */

/* Begin PBXFileReference section */
		CA2C71981C4FA7B9007158ED /* Recipez.app */ = {isa = PBXFileReference; explicitFileType = wrapper.application; includeInIndex = 0; path = Recipez.app; sourceTree = BUILT_PRODUCTS_DIR; };
		CA2C719B1C4FA7B9007158ED /* AppDelegate.swift */ = {isa = PBXFileReference; lastKnownFileType = sourcecode.swift; path = AppDelegate.swift; sourceTree = "<group>"; };
		CA2C719D1C4FA7B9007158ED /* ViewController.swift */ = {isa = PBXFileReference; lastKnownFileType = sourcecode.swift; path = ViewController.swift; sourceTree = "<group>"; };
		CA2C71A01C4FA7B9007158ED /* Base */ = {isa = PBXFileReference; lastKnownFileType = file.storyboard; name = Base; path = Base.lproj/Main.storyboard; sourceTree = "<group>"; };
		CA2C71A31C4FA7B9007158ED /* Recipez.xcdatamodel */ = {isa = PBXFileReference; lastKnownFileType = wrapper.xcdatamodel; path = Recipez.xcdatamodel; sourceTree = "<group>"; };
		CA2C71A51C4FA7B9007158ED /* Assets.xcassets */ = {isa = PBXFileReference; lastKnownFileType = folder.assetcatalog; path = Assets.xcassets; sourceTree = "<group>"; };
		CA2C71A81C4FA7B9007158ED /* Base */ = {isa = PBXFileReference; lastKnownFileType = file.storyboard; name = Base; path = Base.lproj/LaunchScreen.storyboard; sourceTree = "<group>"; };
		CA2C71AA1C4FA7B9007158ED /* Info.plist */ = {isa = PBXFileReference; lastKnownFileType = text.plist.xml; path = Info.plist; sourceTree = "<group>"; };
		CA2C71B31C4FF15C007158ED /* Recipe+CoreDataProperties.swift */ = {isa = PBXFileReference; fileEncoding = 4; lastKnownFileType = sourcecode.swift; name = "Recipe+CoreDataProperties.swift"; path = "../Recipe+CoreDataProperties.swift"; sourceTree = "<group>"; };
		CA2C71B41C4FF15C007158ED /* Recipe.swift */ = {isa = PBXFileReference; fileEncoding = 4; lastKnownFileType = sourcecode.swift; name = Recipe.swift; path = ../Recipe.swift; sourceTree = "<group>"; };
		CA2C71B71C4FF324007158ED /* RecipeCell.swift */ = {isa = PBXFileReference; fileEncoding = 4; lastKnownFileType = sourcecode.swift; path = RecipeCell.swift; sourceTree = "<group>"; };
		CA2C71B91C4FFF45007158ED /* CreateRecipeVC.swift */ = {isa = PBXFileReference; fileEncoding = 4; lastKnownFileType = sourcecode.swift; path = CreateRecipeVC.swift; sourceTree = "<group>"; };
/* End PBXFileReference section */

/* Begin PBXFrameworksBuildPhase section */
		CA2C71951C4FA7B9007158ED /* Frameworks */ = {
			isa = PBXFrameworksBuildPhase;
			buildActionMask = 2147483647;
			files = (
			);
			runOnlyForDeploymentPostprocessing = 0;
		};
/* End PBXFrameworksBuildPhase section */

/* Begin PBXGroup section */
		CA2C718F1C4FA7B9007158ED = {
			isa = PBXGroup;
			children = (
				CA2C719A1C4FA7B9007158ED /* Recipez */,
				CA2C71991C4FA7B9007158ED /* Products */,
			);
			sourceTree = "<group>";
		};
		CA2C71991C4FA7B9007158ED /* Products */ = {
			isa = PBXGroup;
			children = (
				CA2C71981C4FA7B9007158ED /* Recipez.app */,
			);
			name = Products;
			sourceTree = "<group>";
		};
		CA2C719A1C4FA7B9007158ED /* Recipez */ = {
			isa = PBXGroup;
			children = (
				CA2C71B01C4FF103007158ED /* Model */,
				CA2C71B11C4FF109007158ED /* View */,
				CA2C71B21C4FF10E007158ED /* Controller */,
				CA2C719B1C4FA7B9007158ED /* AppDelegate.swift */,
				CA2C71A51C4FA7B9007158ED /* Assets.xcassets */,
				CA2C71AA1C4FA7B9007158ED /* Info.plist */,
				CA2C71A21C4FA7B9007158ED /* Recipez.xcdatamodeld */,
			);
			path = Recipez;
			sourceTree = "<group>";
		};
		CA2C71B01C4FF103007158ED /* Model */ = {
			isa = PBXGroup;
			children = (
				CA2C71B31C4FF15C007158ED /* Recipe+CoreDataProperties.swift */,
				CA2C71B41C4FF15C007158ED /* Recipe.swift */,
			);
			name = Model;
			sourceTree = "<group>";
		};
		CA2C71B11C4FF109007158ED /* View */ = {
			isa = PBXGroup;
			children = (
				CA2C71A71C4FA7B9007158ED /* LaunchScreen.storyboard */,
				CA2C719F1C4FA7B9007158ED /* Main.storyboard */,
				CA2C71B71C4FF324007158ED /* RecipeCell.swift */,
			);
			name = View;
			sourceTree = "<group>";
		};
		CA2C71B21C4FF10E007158ED /* Controller */ = {
			isa = PBXGroup;
			children = (
				CA2C719D1C4FA7B9007158ED /* ViewController.swift */,
				CA2C71B91C4FFF45007158ED /* CreateRecipeVC.swift */,
			);
			name = Controller;
			sourceTree = "<group>";
		};
/* End PBXGroup section */

/* Begin PBXNativeTarget section */
		CA2C71971C4FA7B9007158ED /* Recipez */ = {
			isa = PBXNativeTarget;
			buildConfigurationList = CA2C71AD1C4FA7B9007158ED /* Build configuration list for PBXNativeTarget "Recipez" */;
			buildPhases = (
				CA2C71941C4FA7B9007158ED /* Sources */,
				CA2C71951C4FA7B9007158ED /* Frameworks */,
				CA2C71961C4FA7B9007158ED /* Resources */,
			);
			buildRules = (
			);
			dependencies = (
			);
			name = Recipez;
			productName = Recipez;
			productReference = CA2C71981C4FA7B9007158ED /* Recipez.app */;
			productType = "com.apple.product-type.application";
		};
/* End PBXNativeTarget section */

/* Begin PBXProject section */
		CA2C71901C4FA7B9007158ED /* Project object */ = {
			isa = PBXProject;
			attributes = {
				LastSwiftUpdateCheck = 0720;
				LastUpgradeCheck = 0720;
				ORGANIZATIONNAME = Teradek;
				TargetAttributes = {
					CA2C71971C4FA7B9007158ED = {
						CreatedOnToolsVersion = 7.2;
						DevelopmentTeam = K7DKUWDUHW;
					};
				};
			};
			buildConfigurationList = CA2C71931C4FA7B9007158ED /* Build configuration list for PBXProject "Recipez" */;
			compatibilityVersion = "Xcode 3.2";
			developmentRegion = English;
			hasScannedForEncodings = 0;
			knownRegions = (
				en,
				Base,
			);
			mainGroup = CA2C718F1C4FA7B9007158ED;
			productRefGroup = CA2C71991C4FA7B9007158ED /* Products */;
			projectDirPath = "";
			projectRoot = "";
			targets = (
				CA2C71971C4FA7B9007158ED /* Recipez */,
			);
		};
/* End PBXProject section */

/* Begin PBXResourcesBuildPhase section */
		CA2C71961C4FA7B9007158ED /* Resources */ = {
			isa = PBXResourcesBuildPhase;
			buildActionMask = 2147483647;
			files = (
				CA2C71A91C4FA7B9007158ED /* LaunchScreen.storyboard in Resources */,
				CA2C71A61C4FA7B9007158ED /* Assets.xcassets in Resources */,
				CA2C71A11C4FA7B9007158ED /* Main.storyboard in Resources */,
			);
			runOnlyForDeploymentPostprocessing = 0;
		};
/* End PBXResourcesBuildPhase section */

/* Begin PBXSourcesBuildPhase section */
		CA2C71941C4FA7B9007158ED /* Sources */ = {
			isa = PBXSourcesBuildPhase;
			buildActionMask = 2147483647;
			files = (
				CA2C719E1C4FA7B9007158ED /* ViewController.swift in Sources */,
				CA2C71B51C4FF15C007158ED /* Recipe+CoreDataProperties.swift in Sources */,
				CA2C719C1C4FA7B9007158ED /* AppDelegate.swift in Sources */,
				CA2C71B81C4FF324007158ED /* RecipeCell.swift in Sources */,
				CA2C71BA1C4FFF45007158ED /* CreateRecipeVC.swift in Sources */,
				CA2C71A41C4FA7B9007158ED /* Recipez.xcdatamodeld in Sources */,
				CA2C71B61C4FF15C007158ED /* Recipe.swift in Sources */,
			);
			runOnlyForDeploymentPostprocessing = 0;
		};
/* End PBXSourcesBuildPhase section */

/* Begin PBXVariantGroup section */
		CA2C719F1C4FA7B9007158ED /* Main.storyboard */ = {
			isa = PBXVariantGroup;
			children = (
				CA2C71A01C4FA7B9007158ED /* Base */,
			);
			name = Main.storyboard;
			sourceTree = "<group>";
		};
		CA2C71A71C4FA7B9007158ED /* LaunchScreen.storyboard */ = {
			isa = PBXVariantGroup;
			children = (
				CA2C71A81C4FA7B9007158ED /* Base */,
			);
			name = LaunchScreen.storyboard;
			sourceTree = "<group>";
		};
/* End PBXVariantGroup section */

/* Begin XCBuildConfiguration section */
		CA2C71AB1C4FA7B9007158ED /* Debug */ = {
			isa = XCBuildConfiguration;
			buildSettings = {
				ALWAYS_SEARCH_USER_PATHS = NO;
				CLANG_CXX_LANGUAGE_STANDARD = "gnu++0x";
				CLANG_CXX_LIBRARY = "libc++";
				CLANG_ENABLE_MODULES = YES;
				CLANG_ENABLE_OBJC_ARC = YES;
				CLANG_WARN_BOOL_CONVERSION = YES;
				CLANG_WARN_CONSTANT_CONVERSION = YES;
				CLANG_WARN_DIRECT_OBJC_ISA_USAGE = YES_ERROR;
				CLANG_WARN_EMPTY_BODY = YES;
				CLANG_WARN_ENUM_CONVERSION = YES;
				CLANG_WARN_INT_CONVERSION = YES;
				CLANG_WARN_OBJC_ROOT_CLASS = YES_ERROR;
				CLANG_WARN_UNREACHABLE_CODE = YES;
				CLANG_WARN__DUPLICATE_METHOD_MATCH = YES;
				"CODE_SIGN_IDENTITY[sdk=iphoneos*]" = "iPhone Developer";
				COPY_PHASE_STRIP = NO;
				DEBUG_INFORMATION_FORMAT = dwarf;
				ENABLE_STRICT_OBJC_MSGSEND = YES;
				ENABLE_TESTABILITY = YES;
				GCC_C_LANGUAGE_STANDARD = gnu99;
				GCC_DYNAMIC_NO_PIC = NO;
				GCC_NO_COMMON_BLOCKS = YES;
				GCC_OPTIMIZATION_LEVEL = 0;
				GCC_PREPROCESSOR_DEFINITIONS = (
					"DEBUG=1",
					"$(inherited)",
				);
				GCC_WARN_64_TO_32_BIT_CONVERSION = YES;
				GCC_WARN_ABOUT_RETURN_TYPE = YES_ERROR;
				GCC_WARN_UNDECLARED_SELECTOR = YES;
				GCC_WARN_UNINITIALIZED_AUTOS = YES_AGGRESSIVE;
				GCC_WARN_UNUSED_FUNCTION = YES;
				GCC_WARN_UNUSED_VARIABLE = YES;
				IPHONEOS_DEPLOYMENT_TARGET = 9.2;
				MTL_ENABLE_DEBUG_INFO = YES;
				ONLY_ACTIVE_ARCH = YES;
				SDKROOT = iphoneos;
				SWIFT_OPTIMIZATION_LEVEL = "-Onone";
				TARGETED_DEVICE_FAMILY = "1,2";
			};
			name = Debug;
		};
		CA2C71AC1C4FA7B9007158ED /* Release */ = {
			isa = XCBuildConfiguration;
			buildSettings = {
				ALWAYS_SEARCH_USER_PATHS = NO;
				CLANG_CXX_LANGUAGE_STANDARD = "gnu++0x";
				CLANG_CXX_LIBRARY = "libc++";
				CLANG_ENABLE_MODULES = YES;
				CLANG_ENABLE_OBJC_ARC = YES;
				CLANG_WARN_BOOL_CONVERSION = YES;
				CLANG_WARN_CONSTANT_CONVERSION = YES;
				CLANG_WARN_DIRECT_OBJC_ISA_USAGE = YES_ERROR;
				CLANG_WARN_EMPTY_BODY = YES;
				CLANG_WARN_ENUM_CONVERSION = YES;
				CLANG_WARN_INT_CONVERSION = YES;
				CLANG_WARN_OBJC_ROOT_CLASS = YES_ERROR;
				CLANG_WARN_UNREACHABLE_CODE = YES;
				CLANG_WARN__DUPLICATE_METHOD_MATCH = YES;
				"CODE_SIGN_IDENTITY[sdk=iphoneos*]" = "iPhone Developer";
				COPY_PHASE_STRIP = NO;
				DEBUG_INFORMATION_FORMAT = "dwarf-with-dsym";
				ENABLE_NS_ASSERTIONS = NO;
				ENABLE_STRICT_OBJC_MSGSEND = YES;
				GCC_C_LANGUAGE_STANDARD = gnu99;
				GCC_NO_COMMON_BLOCKS = YES;
				GCC_WARN_64_TO_32_BIT_CONVERSION = YES;
				GCC_WARN_ABOUT_RETURN_TYPE = YES_ERROR;
				GCC_WARN_UNDECLARED_SELECTOR = YES;
				GCC_WARN_UNINITIALIZED_AUTOS = YES_AGGRESSIVE;
				GCC_WARN_UNUSED_FUNCTION = YES;
				GCC_WARN_UNUSED_VARIABLE = YES;
				IPHONEOS_DEPLOYMENT_TARGET = 9.2;
				MTL_ENABLE_DEBUG_INFO = NO;
				SDKROOT = iphoneos;
				TARGETED_DEVICE_FAMILY = "1,2";
				VALIDATE_PRODUCT = YES;
			};
			name = Release;
		};
		CA2C71AE1C4FA7B9007158ED /* Debug */ = {
			isa = XCBuildConfiguration;
			buildSettings = {
				ASSETCATALOG_COMPILER_APPICON_NAME = AppIcon;
				CODE_SIGN_IDENTITY = "iPhone Developer";
				"CODE_SIGN_IDENTITY[sdk=iphoneos*]" = "iPhone Developer";
				INFOPLIST_FILE = Recipez/Info.plist;
				LD_RUNPATH_SEARCH_PATHS = "$(inherited) @executable_path/Frameworks";
				PRODUCT_BUNDLE_IDENTIFIER = com.teradek.Recipez;
				PRODUCT_NAME = "$(TARGET_NAME)";
				PROVISIONING_PROFILE = "";
			};
			name = Debug;
		};
		CA2C71AF1C4FA7B9007158ED /* Release */ = {
			isa = XCBuildConfiguration;
			buildSettings = {
				ASSETCATALOG_COMPILER_APPICON_NAME = AppIcon;
				CODE_SIGN_IDENTITY = "iPhone Developer";
				"CODE_SIGN_IDENTITY[sdk=iphoneos*]" = "iPhone Developer";
				INFOPLIST_FILE = Recipez/Info.plist;
				LD_RUNPATH_SEARCH_PATHS = "$(inherited) @executable_path/Frameworks";
				PRODUCT_BUNDLE_IDENTIFIER = com.teradek.Recipez;
				PRODUCT_NAME = "$(TARGET_NAME)";
				PROVISIONING_PROFILE = "";
			};
			name = Release;
		};
/* End XCBuildConfiguration section */

/* Begin XCConfigurationList section */
		CA2C71931C4FA7B9007158ED /* Build configuration list for PBXProject "Recipez" */ = {
			isa = XCConfigurationList;
			buildConfigurations = (
				CA2C71AB1C4FA7B9007158ED /* Debug */,
				CA2C71AC1C4FA7B9007158ED /* Release */,
			);
			defaultConfigurationIsVisible = 0;
			defaultConfigurationName = Release;
		};
		CA2C71AD1C4FA7B9007158ED /* Build configuration list for PBXNativeTarget "Recipez" */ = {
			isa = XCConfigurationList;
			buildConfigurations = (
				CA2C71AE1C4FA7B9007158ED /* Debug */,
				CA2C71AF1C4FA7B9007158ED /* Release */,
			);
			defaultConfigurationIsVisible = 0;
			defaultConfigurationName = Release;
		};
/* End XCConfigurationList section */

/* Begin XCVersionGroup section */
		CA2C71A21C4FA7B9007158ED /* Recipez.xcdatamodeld */ = {
			isa = XCVersionGroup;
			children = (
				CA2C71A31C4FA7B9007158ED /* Recipez.xcdatamodel */,
			);
			currentVersion = CA2C71A31C4FA7B9007158ED /* Recipez.xcdatamodel */;
			path = Recipez.xcdatamodeld;
			sourceTree = "<group>";
			versionGroupType = wrapper.xcdatamodel;
		};
/* End XCVersionGroup section */
	};
	rootObject = CA2C71901C4FA7B9007158ED /* Project object */;
}
